
Microsoft Visual Studio Solution File, Format Version 12.00
# Visual Studio Version 16
VisualStudioVersion = 16.0.30611.23
MinimumVisualStudioVersion = 10.0.40219.1
Project("{FAE04EC0-301F-11D3-BF4B-00C04F79EFBC}") = "NicoleLuzano.WeatherPanel.Windows", "NicoleLuzano.WeatherPanel.Windows\NicoleLuzano.WeatherPanel.Windows.csproj", "{1755B5E6-C302-4AC3-85AF-69CC737F0B7C}"
EndProject
Global
	GlobalSection(SolutionConfigurationPlatforms) = preSolution
		Debug|Any CPU = Debug|Any CPU
		Release|Any CPU = Release|Any CPU
	EndGlobalSection
	GlobalSection(ProjectConfigurationPlatforms) = postSolution
		{1755B5E6-C302-4AC3-85AF-69CC737F0B7C}.Debug|Any CPU.ActiveCfg = Debug|Any CPU
		{1755B5E6-C302-4AC3-85AF-69CC737F0B7C}.Debug|Any CPU.Build.0 = Debug|Any CPU
		{1755B5E6-C302-4AC3-85AF-69CC737F0B7C}.Release|Any CPU.ActiveCfg = Release|Any CPU
		{1755B5E6-C302-4AC3-85AF-69CC737F0B7C}.Release|Any CPU.Build.0 = Release|Any CPU
	EndGlobalSection
	GlobalSection(SolutionProperties) = preSolution
		HideSolutionNode = FALSE
	EndGlobalSection
	GlobalSection(ExtensibilityGlobals) = postSolution
		SolutionGuid = {C056ADF5-38AA-4941-8D04-B173B8D49063}
	EndGlobalSection
EndGlobal
